
Microsoft Visual Studio Solution File, Format Version 11.00
# Visual Studio 2010
Project("{FAE04EC0-301F-11D3-BF4B-00C04F79EFBC}") = "UnityEngine.TestRunner", "UnityEngine.TestRunner.csproj", "{43AFCAA6-9770-E22D-59E2-52358187FC37}"
EndProject
Project("{FAE04EC0-301F-11D3-BF4B-00C04F79EFBC}") = "Unity.Mathematics", "Unity.Mathematics.csproj", "{C39F7181-BC9A-5796-330C-24F5D7BE3F6A}"
EndProject
Project("{FAE04EC0-301F-11D3-BF4B-00C04F79EFBC}") = "Unity.2D.Animation.Triangle.Runtime", "Unity.2D.Animation.Triangle.Runtime.csproj", "{F32E5EAA-38D6-EF1E-65BE-0966361CCFEE}"
EndProject
Project("{FAE04EC0-301F-11D3-BF4B-00C04F79EFBC}") = "Unity.Timeline", "Unity.Timeline.csproj", "{CCFAF024-46E9-E3D1-E457-2550AD9BDBC0}"
EndProject
Project("{FAE04EC0-301F-11D3-BF4B-00C04F79EFBC}") = "UnityEngine.UI", "UnityEngine.UI.csproj", "{21CB0BF5-FA83-D37B-7EB8-2FE3EEF22DD6}"
EndProject
Project("{FAE04EC0-301F-11D3-BF4B-00C04F79EFBC}") = "Unity.TextMeshPro", "Unity.TextMeshPro.csproj", "{ACDAABFF-F491-4A80-93E8-25B678325EBD}"
EndProject
Project("{FAE04EC0-301F-11D3-BF4B-00C04F79EFBC}") = "Unity.2D.Animation.Runtime", "Unity.2D.Animation.Runtime.csproj", "{CA2DEF9D-2365-96A0-7CDE-47608E27E1ED}"
EndProject
Project("{FAE04EC0-301F-11D3-BF4B-00C04F79EFBC}") = "Unity.2D.IK.Runtime", "Unity.2D.IK.Runtime.csproj", "{C52761F0-7741-9DAF-36DE-8056F3B941C9}"
EndProject
Project("{FAE04EC0-301F-11D3-BF4B-00C04F79EFBC}") = "Assembly-CSharp", "Assembly-CSharp.csproj", "{9725499B-90C2-239D-B9FB-30232758B909}"
EndProject
Project("{FAE04EC0-301F-11D3-BF4B-00C04F79EFBC}") = "Unity.2D.SpriteShape.Runtime", "Unity.2D.SpriteShape.Runtime.csproj", "{83FBD6F9-92F4-65C0-1F77-FDFE46B4E337}"
EndProject
Project("{FAE04EC0-301F-11D3-BF4B-00C04F79EFBC}") = "Unity.2D.PixelPerfect", "Unity.2D.PixelPerfect.csproj", "{E73B1FB1-27AB-3016-A27F-2A2340AEFC5B}"
EndProject
Project("{FAE04EC0-301F-11D3-BF4B-00C04F79EFBC}") = "Unity.2D.Common.Runtime", "Unity.2D.Common.Runtime.csproj", "{B8D0A345-C3B9-134A-812F-C729BD7A1D2E}"
EndProject
Project("{FAE04EC0-301F-11D3-BF4B-00C04F79EFBC}") = "Unity.InternalAPIEngineBridge.001", "Unity.InternalAPIEngineBridge.001.csproj", "{EB729550-91A5-9FF9-C7A6-65BA9EAB0060}"
EndProject
Project("{FAE04EC0-301F-11D3-BF4B-00C04F79EFBC}") = "UnityEditor.TestRunner", "UnityEditor.TestRunner.csproj", "{484684C4-6AB6-31A6-D9F8-9EFAE49926F0}"
EndProject
Project("{FAE04EC0-301F-11D3-BF4B-00C04F79EFBC}") = "Unity.PlasticSCM.Editor", "Unity.PlasticSCM.Editor.csproj", "{3FB40C3A-9187-6C2E-67BC-2A63708FD1A4}"
EndProject
Project("{FAE04EC0-301F-11D3-BF4B-00C04F79EFBC}") = "UnityEditor.UI", "UnityEditor.UI.csproj", "{58D6262D-6F5F-956E-6EAD-7953C5C7A249}"
EndProject
Project("{FAE04EC0-301F-11D3-BF4B-00C04F79EFBC}") = "Unity.Timeline.Editor", "Unity.Timeline.Editor.csproj", "{6DD4FAC9-8196-0EA4-2D19-4A95AC367041}"
EndProject
Project("{FAE04EC0-301F-11D3-BF4B-00C04F79EFBC}") = "Unity.VisualStudio.Editor", "Unity.VisualStudio.Editor.csproj", "{F77C1E81-0DC4-968F-BCDD-729D0D130250}"
EndProject
Project("{FAE04EC0-301F-11D3-BF4B-00C04F79EFBC}") = "Unity.2D.Psdimporter.Editor", "Unity.2D.Psdimporter.Editor.csproj", "{FB1AA78C-36A6-EA65-3520-06DB39029577}"
EndProject
Project("{FAE04EC0-301F-11D3-BF4B-00C04F79EFBC}") = "Unity.2D.Animation.Editor", "Unity.2D.Animation.Editor.csproj", "{C3FEAC68-9E9B-D30A-632F-77A92A587557}"
EndProject
Project("{FAE04EC0-301F-11D3-BF4B-00C04F79EFBC}") = "Unity.TextMeshPro.Editor", "Unity.TextMeshPro.Editor.csproj", "{2B65784D-76D8-C79F-0206-986AD32D61A5}"
EndProject
Project("{FAE04EC0-301F-11D3-BF4B-00C04F79EFBC}") = "Unity.2D.SpriteShape.Editor", "Unity.2D.SpriteShape.Editor.csproj", "{BC548F53-8239-D1AE-374C-2DDB6641CA81}"
EndProject
Project("{FAE04EC0-301F-11D3-BF4B-00C04F79EFBC}") = "Unity.CollabProxy.Editor", "Unity.CollabProxy.Editor.csproj", "{16BD3E2C-C6C1-10A5-2FF4-1725BC10FBF1}"
EndProject
Project("{FAE04EC0-301F-11D3-BF4B-00C04F79EFBC}") = "PsdPlugin", "PsdPlugin.csproj", "{DC372A12-E0C6-0A48-8AD0-D55F55EDFC71}"
EndProject
Project("{FAE04EC0-301F-11D3-BF4B-00C04F79EFBC}") = "Unity.2D.Path.Editor", "Unity.2D.Path.Editor.csproj", "{D8C97B6A-892A-74D8-76B8-61C466651FFC}"
EndProject
Project("{FAE04EC0-301F-11D3-BF4B-00C04F79EFBC}") = "Unity.Rider.Editor", "Unity.Rider.Editor.csproj", "{D1C6B848-54FB-32B3-43BC-8EAA527F0692}"
EndProject
Project("{FAE04EC0-301F-11D3-BF4B-00C04F79EFBC}") = "Unity.2D.IK.Editor", "Unity.2D.IK.Editor.csproj", "{9F3019CF-6066-80C3-7688-8F3DCBB5AA04}"
EndProject
Project("{FAE04EC0-301F-11D3-BF4B-00C04F79EFBC}") = "Unity.2D.Sprite.Editor", "Unity.2D.Sprite.Editor.csproj", "{0543336B-FCDA-5D8E-2F3B-6FC465F40EAA}"
EndProject
Project("{FAE04EC0-301F-11D3-BF4B-00C04F79EFBC}") = "Unity.2D.Tilemap.Editor", "Unity.2D.Tilemap.Editor.csproj", "{22416F8B-4650-2B15-EC2C-9ACA2605DA84}"
EndProject
Project("{FAE04EC0-301F-11D3-BF4B-00C04F79EFBC}") = "Unity.2D.PixelPerfect.Editor", "Unity.2D.PixelPerfect.Editor.csproj", "{F548F02F-7F8C-4EEA-A7C8-52253337AADB}"
EndProject
Project("{FAE04EC0-301F-11D3-BF4B-00C04F79EFBC}") = "Unity.VSCode.Editor", "Unity.VSCode.Editor.csproj", "{52DC6BA4-4EB6-7444-F58B-40743776EA0A}"
EndProject
Project("{FAE04EC0-301F-11D3-BF4B-00C04F79EFBC}") = "Unity.2D.Common.Editor", "Unity.2D.Common.Editor.csproj", "{9DAF2B0C-AA64-B645-E274-826C70D4F3FB}"
EndProject
Project("{FAE04EC0-301F-11D3-BF4B-00C04F79EFBC}") = "Unity.Mathematics.Editor", "Unity.Mathematics.Editor.csproj", "{C8EF1D4A-37F4-32E6-A2F1-06ACEC13E424}"
EndProject
Project("{FAE04EC0-301F-11D3-BF4B-00C04F79EFBC}") = "Unity.InternalAPIEditorBridge.001", "Unity.InternalAPIEditorBridge.001.csproj", "{4E38052E-D98E-2F1C-0284-E32A360B6631}"
EndProject
Project("{FAE04EC0-301F-11D3-BF4B-00C04F79EFBC}") = "UnityEngine.TestRunner.Player", "UnityEngine.TestRunner.Player.csproj", "{35CCDA19-424F-6ABF-9600-6C1C8D6EF648}"
EndProject
Project("{FAE04EC0-301F-11D3-BF4B-00C04F79EFBC}") = "Unity.Mathematics.Player", "Unity.Mathematics.Player.csproj", "{7577BE7B-1605-651C-D48F-CA588523EC90}"
EndProject
Project("{FAE04EC0-301F-11D3-BF4B-00C04F79EFBC}") = "Unity.2D.Animation.Triangle.Runtime.Player", "Unity.2D.Animation.Triangle.Runtime.Player.csproj", "{81F5F167-0216-ACF5-993C-1D951FCA884A}"
EndProject
Project("{FAE04EC0-301F-11D3-BF4B-00C04F79EFBC}") = "Unity.Timeline.Player", "Unity.Timeline.Player.csproj", "{C2E48FC4-340C-CCC3-1AB5-6ED026E4646A}"
EndProject
Project("{FAE04EC0-301F-11D3-BF4B-00C04F79EFBC}") = "UnityEngine.UI.Player", "UnityEngine.UI.Player.csproj", "{A7D93342-99E4-4C33-4DE0-BA3C1F38DEE8}"
EndProject
Project("{FAE04EC0-301F-11D3-BF4B-00C04F79EFBC}") = "Unity.TextMeshPro.Player", "Unity.TextMeshPro.Player.csproj", "{9C942573-0C61-F638-F2B0-367F9BC909DF}"
EndProject
Project("{FAE04EC0-301F-11D3-BF4B-00C04F79EFBC}") = "Unity.2D.Animation.Runtime.Player", "Unity.2D.Animation.Runtime.Player.csproj", "{1785176E-09E2-BFDC-C660-BC528D00192E}"
EndProject
Project("{FAE04EC0-301F-11D3-BF4B-00C04F79EFBC}") = "Unity.2D.IK.Runtime.Player", "Unity.2D.IK.Runtime.Player.csproj", "{6FC0D96D-9124-8529-CD10-534460309A47}"
EndProject
Project("{FAE04EC0-301F-11D3-BF4B-00C04F79EFBC}") = "Assembly-CSharp.Player", "Assembly-CSharp.Player.csproj", "{E3B7D562-7D95-8D76-010E-5650891795D2}"
EndProject
Project("{FAE04EC0-301F-11D3-BF4B-00C04F79EFBC}") = "Unity.2D.SpriteShape.Runtime.Player", "Unity.2D.SpriteShape.Runtime.Player.csproj", "{ADB507A1-7F4C-5973-B7A6-CD5ABB0CC0F4}"
EndProject
Project("{FAE04EC0-301F-11D3-BF4B-00C04F79EFBC}") = "Unity.2D.PixelPerfect.Player", "Unity.2D.PixelPerfect.Player.csproj", "{40E7B530-A42D-FB75-9227-D72FBB8BFD4E}"
EndProject
Project("{FAE04EC0-301F-11D3-BF4B-00C04F79EFBC}") = "Unity.2D.Common.Runtime.Player", "Unity.2D.Common.Runtime.Player.csproj", "{189D17F6-BA83-57DA-0DD5-43BFA6D7A87D}"
EndProject
Project("{FAE04EC0-301F-11D3-BF4B-00C04F79EFBC}") = "Unity.InternalAPIEngineBridge.001.Player", "Unity.InternalAPIEngineBridge.001.Player.csproj", "{8F317B30-C304-AB16-BF54-AF448F8E19DC}"
EndProject
Global
	GlobalSection(SolutionConfigurationPlatforms) = preSolution
		Debug|Any CPU = Debug|Any CPU
		Release|Any CPU = Release|Any CPU
	EndGlobalSection
	GlobalSection(ProjectConfigurationPlatforms) = postSolution
		{43AFCAA6-9770-E22D-59E2-52358187FC37}.Debug|Any CPU.ActiveCfg = Debug|Any CPU
		{43AFCAA6-9770-E22D-59E2-52358187FC37}.Debug|Any CPU.Build.0 = Debug|Any CPU
		{43AFCAA6-9770-E22D-59E2-52358187FC37}.Release|Any CPU.ActiveCfg = Release|Any CPU
		{43AFCAA6-9770-E22D-59E2-52358187FC37}.Release|Any CPU.Build.0 = Release|Any CPU
		{C39F7181-BC9A-5796-330C-24F5D7BE3F6A}.Debug|Any CPU.ActiveCfg = Debug|Any CPU
		{C39F7181-BC9A-5796-330C-24F5D7BE3F6A}.Debug|Any CPU.Build.0 = Debug|Any CPU
		{C39F7181-BC9A-5796-330C-24F5D7BE3F6A}.Release|Any CPU.ActiveCfg = Release|Any CPU
		{C39F7181-BC9A-5796-330C-24F5D7BE3F6A}.Release|Any CPU.Build.0 = Release|Any CPU
		{F32E5EAA-38D6-EF1E-65BE-0966361CCFEE}.Debug|Any CPU.ActiveCfg = Debug|Any CPU
		{F32E5EAA-38D6-EF1E-65BE-0966361CCFEE}.Debug|Any CPU.Build.0 = Debug|Any CPU
		{F32E5EAA-38D6-EF1E-65BE-0966361CCFEE}.Release|Any CPU.ActiveCfg = Release|Any CPU
		{F32E5EAA-38D6-EF1E-65BE-0966361CCFEE}.Release|Any CPU.Build.0 = Release|Any CPU
		{CCFAF024-46E9-E3D1-E457-2550AD9BDBC0}.Debug|Any CPU.ActiveCfg = Debug|Any CPU
		{CCFAF024-46E9-E3D1-E457-2550AD9BDBC0}.Debug|Any CPU.Build.0 = Debug|Any CPU
		{CCFAF024-46E9-E3D1-E457-2550AD9BDBC0}.Release|Any CPU.ActiveCfg = Release|Any CPU
		{CCFAF024-46E9-E3D1-E457-2550AD9BDBC0}.Release|Any CPU.Build.0 = Release|Any CPU
		{21CB0BF5-FA83-D37B-7EB8-2FE3EEF22DD6}.Debug|Any CPU.ActiveCfg = Debug|Any CPU
		{21CB0BF5-FA83-D37B-7EB8-2FE3EEF22DD6}.Debug|Any CPU.Build.0 = Debug|Any CPU
		{21CB0BF5-FA83-D37B-7EB8-2FE3EEF22DD6}.Release|Any CPU.ActiveCfg = Release|Any CPU
		{21CB0BF5-FA83-D37B-7EB8-2FE3EEF22DD6}.Release|Any CPU.Build.0 = Release|Any CPU
		{ACDAABFF-F491-4A80-93E8-25B678325EBD}.Debug|Any CPU.ActiveCfg = Debug|Any CPU
		{ACDAABFF-F491-4A80-93E8-25B678325EBD}.Debug|Any CPU.Build.0 = Debug|Any CPU
		{ACDAABFF-F491-4A80-93E8-25B678325EBD}.Release|Any CPU.ActiveCfg = Release|Any CPU
		{ACDAABFF-F491-4A80-93E8-25B678325EBD}.Release|Any CPU.Build.0 = Release|Any CPU
		{CA2DEF9D-2365-96A0-7CDE-47608E27E1ED}.Debug|Any CPU.ActiveCfg = Debug|Any CPU
		{CA2DEF9D-2365-96A0-7CDE-47608E27E1ED}.Debug|Any CPU.Build.0 = Debug|Any CPU
		{CA2DEF9D-2365-96A0-7CDE-47608E27E1ED}.Release|Any CPU.ActiveCfg = Release|Any CPU
		{CA2DEF9D-2365-96A0-7CDE-47608E27E1ED}.Release|Any CPU.Build.0 = Release|Any CPU
		{C52761F0-7741-9DAF-36DE-8056F3B941C9}.Debug|Any CPU.ActiveCfg = Debug|Any CPU
		{C52761F0-7741-9DAF-36DE-8056F3B941C9}.Debug|Any CPU.Build.0 = Debug|Any CPU
		{C52761F0-7741-9DAF-36DE-8056F3B941C9}.Release|Any CPU.ActiveCfg = Release|Any CPU
		{C52761F0-7741-9DAF-36DE-8056F3B941C9}.Release|Any CPU.Build.0 = Release|Any CPU
		{9725499B-90C2-239D-B9FB-30232758B909}.Debug|Any CPU.ActiveCfg = Debug|Any CPU
		{9725499B-90C2-239D-B9FB-30232758B909}.Debug|Any CPU.Build.0 = Debug|Any CPU
		{9725499B-90C2-239D-B9FB-30232758B909}.Release|Any CPU.ActiveCfg = Release|Any CPU
		{9725499B-90C2-239D-B9FB-30232758B909}.Release|Any CPU.Build.0 = Release|Any CPU
		{83FBD6F9-92F4-65C0-1F77-FDFE46B4E337}.Debug|Any CPU.ActiveCfg = Debug|Any CPU
		{83FBD6F9-92F4-65C0-1F77-FDFE46B4E337}.Debug|Any CPU.Build.0 = Debug|Any CPU
		{83FBD6F9-92F4-65C0-1F77-FDFE46B4E337}.Release|Any CPU.ActiveCfg = Release|Any CPU
		{83FBD6F9-92F4-65C0-1F77-FDFE46B4E337}.Release|Any CPU.Build.0 = Release|Any CPU
		{E73B1FB1-27AB-3016-A27F-2A2340AEFC5B}.Debug|Any CPU.ActiveCfg = Debug|Any CPU
		{E73B1FB1-27AB-3016-A27F-2A2340AEFC5B}.Debug|Any CPU.Build.0 = Debug|Any CPU
		{E73B1FB1-27AB-3016-A27F-2A2340AEFC5B}.Release|Any CPU.ActiveCfg = Release|Any CPU
		{E73B1FB1-27AB-3016-A27F-2A2340AEFC5B}.Release|Any CPU.Build.0 = Release|Any CPU
		{B8D0A345-C3B9-134A-812F-C729BD7A1D2E}.Debug|Any CPU.ActiveCfg = Debug|Any CPU
		{B8D0A345-C3B9-134A-812F-C729BD7A1D2E}.Debug|Any CPU.Build.0 = Debug|Any CPU
		{B8D0A345-C3B9-134A-812F-C729BD7A1D2E}.Release|Any CPU.ActiveCfg = Release|Any CPU
		{B8D0A345-C3B9-134A-812F-C729BD7A1D2E}.Release|Any CPU.Build.0 = Release|Any CPU
		{EB729550-91A5-9FF9-C7A6-65BA9EAB0060}.Debug|Any CPU.ActiveCfg = Debug|Any CPU
		{EB729550-91A5-9FF9-C7A6-65BA9EAB0060}.Debug|Any CPU.Build.0 = Debug|Any CPU
		{EB729550-91A5-9FF9-C7A6-65BA9EAB0060}.Release|Any CPU.ActiveCfg = Release|Any CPU
		{EB729550-91A5-9FF9-C7A6-65BA9EAB0060}.Release|Any CPU.Build.0 = Release|Any CPU
		{484684C4-6AB6-31A6-D9F8-9EFAE49926F0}.Debug|Any CPU.ActiveCfg = Debug|Any CPU
		{484684C4-6AB6-31A6-D9F8-9EFAE49926F0}.Debug|Any CPU.Build.0 = Debug|Any CPU
		{484684C4-6AB6-31A6-D9F8-9EFAE49926F0}.Release|Any CPU.ActiveCfg = Release|Any CPU
		{484684C4-6AB6-31A6-D9F8-9EFAE49926F0}.Release|Any CPU.Build.0 = Release|Any CPU
		{3FB40C3A-9187-6C2E-67BC-2A63708FD1A4}.Debug|Any CPU.ActiveCfg = Debug|Any CPU
		{3FB40C3A-9187-6C2E-67BC-2A63708FD1A4}.Debug|Any CPU.Build.0 = Debug|Any CPU
		{3FB40C3A-9187-6C2E-67BC-2A63708FD1A4}.Release|Any CPU.ActiveCfg = Release|Any CPU
		{3FB40C3A-9187-6C2E-67BC-2A63708FD1A4}.Release|Any CPU.Build.0 = Release|Any CPU
		{58D6262D-6F5F-956E-6EAD-7953C5C7A249}.Debug|Any CPU.ActiveCfg = Debug|Any CPU
		{58D6262D-6F5F-956E-6EAD-7953C5C7A249}.Debug|Any CPU.Build.0 = Debug|Any CPU
		{58D6262D-6F5F-956E-6EAD-7953C5C7A249}.Release|Any CPU.ActiveCfg = Release|Any CPU
		{58D6262D-6F5F-956E-6EAD-7953C5C7A249}.Release|Any CPU.Build.0 = Release|Any CPU
		{6DD4FAC9-8196-0EA4-2D19-4A95AC367041}.Debug|Any CPU.ActiveCfg = Debug|Any CPU
		{6DD4FAC9-8196-0EA4-2D19-4A95AC367041}.Debug|Any CPU.Build.0 = Debug|Any CPU
		{6DD4FAC9-8196-0EA4-2D19-4A95AC367041}.Release|Any CPU.ActiveCfg = Release|Any CPU
		{6DD4FAC9-8196-0EA4-2D19-4A95AC367041}.Release|Any CPU.Build.0 = Release|Any CPU
		{F77C1E81-0DC4-968F-BCDD-729D0D130250}.Debug|Any CPU.ActiveCfg = Debug|Any CPU
		{F77C1E81-0DC4-968F-BCDD-729D0D130250}.Debug|Any CPU.Build.0 = Debug|Any CPU
		{F77C1E81-0DC4-968F-BCDD-729D0D130250}.Release|Any CPU.ActiveCfg = Release|Any CPU
		{F77C1E81-0DC4-968F-BCDD-729D0D130250}.Release|Any CPU.Build.0 = Release|Any CPU
		{FB1AA78C-36A6-EA65-3520-06DB39029577}.Debug|Any CPU.ActiveCfg = Debug|Any CPU
		{FB1AA78C-36A6-EA65-3520-06DB39029577}.Debug|Any CPU.Build.0 = Debug|Any CPU
		{FB1AA78C-36A6-EA65-3520-06DB39029577}.Release|Any CPU.ActiveCfg = Release|Any CPU
		{FB1AA78C-36A6-EA65-3520-06DB39029577}.Release|Any CPU.Build.0 = Release|Any CPU
		{C3FEAC68-9E9B-D30A-632F-77A92A587557}.Debug|Any CPU.ActiveCfg = Debug|Any CPU
		{C3FEAC68-9E9B-D30A-632F-77A92A587557}.Debug|Any CPU.Build.0 = Debug|Any CPU
		{C3FEAC68-9E9B-D30A-632F-77A92A587557}.Release|Any CPU.ActiveCfg = Release|Any CPU
		{C3FEAC68-9E9B-D30A-632F-77A92A587557}.Release|Any CPU.Build.0 = Release|Any CPU
		{2B65784D-76D8-C79F-0206-986AD32D61A5}.Debug|Any CPU.ActiveCfg = Debug|Any CPU
		{2B65784D-76D8-C79F-0206-986AD32D61A5}.Debug|Any CPU.Build.0 = Debug|Any CPU
		{2B65784D-76D8-C79F-0206-986AD32D61A5}.Release|Any CPU.ActiveCfg = Release|Any CPU
		{2B65784D-76D8-C79F-0206-986AD32D61A5}.Release|Any CPU.Build.0 = Release|Any CPU
		{BC548F53-8239-D1AE-374C-2DDB6641CA81}.Debug|Any CPU.ActiveCfg = Debug|Any CPU
		{BC548F53-8239-D1AE-374C-2DDB6641CA81}.Debug|Any CPU.Build.0 = Debug|Any CPU
		{BC548F53-8239-D1AE-374C-2DDB6641CA81}.Release|Any CPU.ActiveCfg = Release|Any CPU
		{BC548F53-8239-D1AE-374C-2DDB6641CA81}.Release|Any CPU.Build.0 = Release|Any CPU
		{16BD3E2C-C6C1-10A5-2FF4-1725BC10FBF1}.Debug|Any CPU.ActiveCfg = Debug|Any CPU
		{16BD3E2C-C6C1-10A5-2FF4-1725BC10FBF1}.Debug|Any CPU.Build.0 = Debug|Any CPU
		{16BD3E2C-C6C1-10A5-2FF4-1725BC10FBF1}.Release|Any CPU.ActiveCfg = Release|Any CPU
		{16BD3E2C-C6C1-10A5-2FF4-1725BC10FBF1}.Release|Any CPU.Build.0 = Release|Any CPU
		{DC372A12-E0C6-0A48-8AD0-D55F55EDFC71}.Debug|Any CPU.ActiveCfg = Debug|Any CPU
		{DC372A12-E0C6-0A48-8AD0-D55F55EDFC71}.Debug|Any CPU.Build.0 = Debug|Any CPU
		{DC372A12-E0C6-0A48-8AD0-D55F55EDFC71}.Release|Any CPU.ActiveCfg = Release|Any CPU
		{DC372A12-E0C6-0A48-8AD0-D55F55EDFC71}.Release|Any CPU.Build.0 = Release|Any CPU
		{D8C97B6A-892A-74D8-76B8-61C466651FFC}.Debug|Any CPU.ActiveCfg = Debug|Any CPU
		{D8C97B6A-892A-74D8-76B8-61C466651FFC}.Debug|Any CPU.Build.0 = Debug|Any CPU
		{D8C97B6A-892A-74D8-76B8-61C466651FFC}.Release|Any CPU.ActiveCfg = Release|Any CPU
		{D8C97B6A-892A-74D8-76B8-61C466651FFC}.Release|Any CPU.Build.0 = Release|Any CPU
		{D1C6B848-54FB-32B3-43BC-8EAA527F0692}.Debug|Any CPU.ActiveCfg = Debug|Any CPU
		{D1C6B848-54FB-32B3-43BC-8EAA527F0692}.Debug|Any CPU.Build.0 = Debug|Any CPU
		{D1C6B848-54FB-32B3-43BC-8EAA527F0692}.Release|Any CPU.ActiveCfg = Release|Any CPU
		{D1C6B848-54FB-32B3-43BC-8EAA527F0692}.Release|Any CPU.Build.0 = Release|Any CPU
		{9F3019CF-6066-80C3-7688-8F3DCBB5AA04}.Debug|Any CPU.ActiveCfg = Debug|Any CPU
		{9F3019CF-6066-80C3-7688-8F3DCBB5AA04}.Debug|Any CPU.Build.0 = Debug|Any CPU
		{9F3019CF-6066-80C3-7688-8F3DCBB5AA04}.Release|Any CPU.ActiveCfg = Release|Any CPU
		{9F3019CF-6066-80C3-7688-8F3DCBB5AA04}.Release|Any CPU.Build.0 = Release|Any CPU
		{0543336B-FCDA-5D8E-2F3B-6FC465F40EAA}.Debug|Any CPU.ActiveCfg = Debug|Any CPU
		{0543336B-FCDA-5D8E-2F3B-6FC465F40EAA}.Debug|Any CPU.Build.0 = Debug|Any CPU
		{0543336B-FCDA-5D8E-2F3B-6FC465F40EAA}.Release|Any CPU.ActiveCfg = Release|Any CPU
		{0543336B-FCDA-5D8E-2F3B-6FC465F40EAA}.Release|Any CPU.Build.0 = Release|Any CPU
		{22416F8B-4650-2B15-EC2C-9ACA2605DA84}.Debug|Any CPU.ActiveCfg = Debug|Any CPU
		{22416F8B-4650-2B15-EC2C-9ACA2605DA84}.Debug|Any CPU.Build.0 = Debug|Any CPU
		{22416F8B-4650-2B15-EC2C-9ACA2605DA84}.Release|Any CPU.ActiveCfg = Release|Any CPU
		{22416F8B-4650-2B15-EC2C-9ACA2605DA84}.Release|Any CPU.Build.0 = Release|Any CPU
		{F548F02F-7F8C-4EEA-A7C8-52253337AADB}.Debug|Any CPU.ActiveCfg = Debug|Any CPU
		{F548F02F-7F8C-4EEA-A7C8-52253337AADB}.Debug|Any CPU.Build.0 = Debug|Any CPU
		{F548F02F-7F8C-4EEA-A7C8-52253337AADB}.Release|Any CPU.ActiveCfg = Release|Any CPU
		{F548F02F-7F8C-4EEA-A7C8-52253337AADB}.Release|Any CPU.Build.0 = Release|Any CPU
		{52DC6BA4-4EB6-7444-F58B-40743776EA0A}.Debug|Any CPU.ActiveCfg = Debug|Any CPU
		{52DC6BA4-4EB6-7444-F58B-40743776EA0A}.Debug|Any CPU.Build.0 = Debug|Any CPU
		{52DC6BA4-4EB6-7444-F58B-40743776EA0A}.Release|Any CPU.ActiveCfg = Release|Any CPU
		{52DC6BA4-4EB6-7444-F58B-40743776EA0A}.Release|Any CPU.Build.0 = Release|Any CPU
		{9DAF2B0C-AA64-B645-E274-826C70D4F3FB}.Debug|Any CPU.ActiveCfg = Debug|Any CPU
		{9DAF2B0C-AA64-B645-E274-826C70D4F3FB}.Debug|Any CPU.Build.0 = Debug|Any CPU
		{9DAF2B0C-AA64-B645-E274-826C70D4F3FB}.Release|Any CPU.ActiveCfg = Release|Any CPU
		{9DAF2B0C-AA64-B645-E274-826C70D4F3FB}.Release|Any CPU.Build.0 = Release|Any CPU
		{C8EF1D4A-37F4-32E6-A2F1-06ACEC13E424}.Debug|Any CPU.ActiveCfg = Debug|Any CPU
		{C8EF1D4A-37F4-32E6-A2F1-06ACEC13E424}.Debug|Any CPU.Build.0 = Debug|Any CPU
		{C8EF1D4A-37F4-32E6-A2F1-06ACEC13E424}.Release|Any CPU.ActiveCfg = Release|Any CPU
		{C8EF1D4A-37F4-32E6-A2F1-06ACEC13E424}.Release|Any CPU.Build.0 = Release|Any CPU
		{4E38052E-D98E-2F1C-0284-E32A360B6631}.Debug|Any CPU.ActiveCfg = Debug|Any CPU
		{4E38052E-D98E-2F1C-0284-E32A360B6631}.Debug|Any CPU.Build.0 = Debug|Any CPU
		{4E38052E-D98E-2F1C-0284-E32A360B6631}.Release|Any CPU.ActiveCfg = Release|Any CPU
		{4E38052E-D98E-2F1C-0284-E32A360B6631}.Release|Any CPU.Build.0 = Release|Any CPU
		{35CCDA19-424F-6ABF-9600-6C1C8D6EF648}.Debug|Any CPU.ActiveCfg = Debug|Any CPU
		{35CCDA19-424F-6ABF-9600-6C1C8D6EF648}.Debug|Any CPU.Build.0 = Debug|Any CPU
		{35CCDA19-424F-6ABF-9600-6C1C8D6EF648}.Release|Any CPU.ActiveCfg = Release|Any CPU
		{35CCDA19-424F-6ABF-9600-6C1C8D6EF648}.Release|Any CPU.Build.0 = Release|Any CPU
		{7577BE7B-1605-651C-D48F-CA588523EC90}.Debug|Any CPU.ActiveCfg = Debug|Any CPU
		{7577BE7B-1605-651C-D48F-CA588523EC90}.Debug|Any CPU.Build.0 = Debug|Any CPU
		{7577BE7B-1605-651C-D48F-CA588523EC90}.Release|Any CPU.ActiveCfg = Release|Any CPU
		{7577BE7B-1605-651C-D48F-CA588523EC90}.Release|Any CPU.Build.0 = Release|Any CPU
		{81F5F167-0216-ACF5-993C-1D951FCA884A}.Debug|Any CPU.ActiveCfg = Debug|Any CPU
		{81F5F167-0216-ACF5-993C-1D951FCA884A}.Debug|Any CPU.Build.0 = Debug|Any CPU
		{81F5F167-0216-ACF5-993C-1D951FCA884A}.Release|Any CPU.ActiveCfg = Release|Any CPU
		{81F5F167-0216-ACF5-993C-1D951FCA884A}.Release|Any CPU.Build.0 = Release|Any CPU
		{C2E48FC4-340C-CCC3-1AB5-6ED026E4646A}.Debug|Any CPU.ActiveCfg = Debug|Any CPU
		{C2E48FC4-340C-CCC3-1AB5-6ED026E4646A}.Debug|Any CPU.Build.0 = Debug|Any CPU
		{C2E48FC4-340C-CCC3-1AB5-6ED026E4646A}.Release|Any CPU.ActiveCfg = Release|Any CPU
		{C2E48FC4-340C-CCC3-1AB5-6ED026E4646A}.Release|Any CPU.Build.0 = Release|Any CPU
		{A7D93342-99E4-4C33-4DE0-BA3C1F38DEE8}.Debug|Any CPU.ActiveCfg = Debug|Any CPU
		{A7D93342-99E4-4C33-4DE0-BA3C1F38DEE8}.Debug|Any CPU.Build.0 = Debug|Any CPU
		{A7D93342-99E4-4C33-4DE0-BA3C1F38DEE8}.Release|Any CPU.ActiveCfg = Release|Any CPU
		{A7D93342-99E4-4C33-4DE0-BA3C1F38DEE8}.Release|Any CPU.Build.0 = Release|Any CPU
		{9C942573-0C61-F638-F2B0-367F9BC909DF}.Debug|Any CPU.ActiveCfg = Debug|Any CPU
		{9C942573-0C61-F638-F2B0-367F9BC909DF}.Debug|Any CPU.Build.0 = Debug|Any CPU
		{9C942573-0C61-F638-F2B0-367F9BC909DF}.Release|Any CPU.ActiveCfg = Release|Any CPU
		{9C942573-0C61-F638-F2B0-367F9BC909DF}.Release|Any CPU.Build.0 = Release|Any CPU
		{1785176E-09E2-BFDC-C660-BC528D00192E}.Debug|Any CPU.ActiveCfg = Debug|Any CPU
		{1785176E-09E2-BFDC-C660-BC528D00192E}.Debug|Any CPU.Build.0 = Debug|Any CPU
		{1785176E-09E2-BFDC-C660-BC528D00192E}.Release|Any CPU.ActiveCfg = Release|Any CPU
		{1785176E-09E2-BFDC-C660-BC528D00192E}.Release|Any CPU.Build.0 = Release|Any CPU
		{6FC0D96D-9124-8529-CD10-534460309A47}.Debug|Any CPU.ActiveCfg = Debug|Any CPU
		{6FC0D96D-9124-8529-CD10-534460309A47}.Debug|Any CPU.Build.0 = Debug|Any CPU
		{6FC0D96D-9124-8529-CD10-534460309A47}.Release|Any CPU.ActiveCfg = Release|Any CPU
		{6FC0D96D-9124-8529-CD10-534460309A47}.Release|Any CPU.Build.0 = Release|Any CPU
		{E3B7D562-7D95-8D76-010E-5650891795D2}.Debug|Any CPU.ActiveCfg = Debug|Any CPU
		{E3B7D562-7D95-8D76-010E-5650891795D2}.Debug|Any CPU.Build.0 = Debug|Any CPU
		{E3B7D562-7D95-8D76-010E-5650891795D2}.Release|Any CPU.ActiveCfg = Release|Any CPU
		{E3B7D562-7D95-8D76-010E-5650891795D2}.Release|Any CPU.Build.0 = Release|Any CPU
		{ADB507A1-7F4C-5973-B7A6-CD5ABB0CC0F4}.Debug|Any CPU.ActiveCfg = Debug|Any CPU
		{ADB507A1-7F4C-5973-B7A6-CD5ABB0CC0F4}.Debug|Any CPU.Build.0 = Debug|Any CPU
		{ADB507A1-7F4C-5973-B7A6-CD5ABB0CC0F4}.Release|Any CPU.ActiveCfg = Release|Any CPU
		{ADB507A1-7F4C-5973-B7A6-CD5ABB0CC0F4}.Release|Any CPU.Build.0 = Release|Any CPU
		{40E7B530-A42D-FB75-9227-D72FBB8BFD4E}.Debug|Any CPU.ActiveCfg = Debug|Any CPU
		{40E7B530-A42D-FB75-9227-D72FBB8BFD4E}.Debug|Any CPU.Build.0 = Debug|Any CPU
		{40E7B530-A42D-FB75-9227-D72FBB8BFD4E}.Release|Any CPU.ActiveCfg = Release|Any CPU
		{40E7B530-A42D-FB75-9227-D72FBB8BFD4E}.Release|Any CPU.Build.0 = Release|Any CPU
		{189D17F6-BA83-57DA-0DD5-43BFA6D7A87D}.Debug|Any CPU.ActiveCfg = Debug|Any CPU
		{189D17F6-BA83-57DA-0DD5-43BFA6D7A87D}.Debug|Any CPU.Build.0 = Debug|Any CPU
		{189D17F6-BA83-57DA-0DD5-43BFA6D7A87D}.Release|Any CPU.ActiveCfg = Release|Any CPU
		{189D17F6-BA83-57DA-0DD5-43BFA6D7A87D}.Release|Any CPU.Build.0 = Release|Any CPU
		{8F317B30-C304-AB16-BF54-AF448F8E19DC}.Debug|Any CPU.ActiveCfg = Debug|Any CPU
		{8F317B30-C304-AB16-BF54-AF448F8E19DC}.Debug|Any CPU.Build.0 = Debug|Any CPU
		{8F317B30-C304-AB16-BF54-AF448F8E19DC}.Release|Any CPU.ActiveCfg = Release|Any CPU
		{8F317B30-C304-AB16-BF54-AF448F8E19DC}.Release|Any CPU.Build.0 = Release|Any CPU
	EndGlobalSection
	GlobalSection(SolutionProperties) = preSolution
		HideSolutionNode = FALSE
	EndGlobalSection
EndGlobal
